
Microsoft Visual Studio Solution File, Format Version 12.00
# Visual Studio Version 17
VisualStudioVersion = 17.14.35806.103 d17.14
MinimumVisualStudioVersion = 10.0.40219.1
Project("{FAE04EC0-301F-11D3-BF4B-00C04F79EFBC}") = "CalculatorOverloading", "CalculatorOverloading.csproj", "{55505065-B595-4332-A011-B0E4CA3B5DAD}"
EndProject
Global
	GlobalSection(SolutionConfigurationPlatforms) = preSolution
		Debug|Any CPU = Debug|Any CPU
		Release|Any CPU = Release|Any CPU
	EndGlobalSection
	GlobalSection(ProjectConfigurationPlatforms) = postSolution
		{55505065-B595-4332-A011-B0E4CA3B5DAD}.Debug|Any CPU.ActiveCfg = Debug|Any CPU
		{55505065-B595-4332-A011-B0E4CA3B5DAD}.Debug|Any CPU.Build.0 = Debug|Any CPU
		{55505065-B595-4332-A011-B0E4CA3B5DAD}.Release|Any CPU.ActiveCfg = Release|Any CPU
		{55505065-B595-4332-A011-B0E4CA3B5DAD}.Release|Any CPU.Build.0 = Release|Any CPU
	EndGlobalSection
	GlobalSection(SolutionProperties) = preSolution
		HideSolutionNode = FALSE
	EndGlobalSection
	GlobalSection(ExtensibilityGlobals) = postSolution
		SolutionGuid = {B691B742-419B-4300-BCB9-5B6CFC50C8EC}
	EndGlobalSection
EndGlobal
