
Microsoft Visual Studio Solution File, Format Version 12.00
# Visual Studio Version 17
VisualStudioVersion = 17.14.35806.103 d17.14
MinimumVisualStudioVersion = 10.0.40219.1
Project("{FAE04EC0-301F-11D3-BF4B-00C04F79EFBC}") = "CalculatorProject", "CalculatorProject.csproj", "{3AD7DA74-9395-44F2-95D4-334BE1656F49}"
EndProject
Global
	GlobalSection(SolutionConfigurationPlatforms) = preSolution
		Debug|Any CPU = Debug|Any CPU
		Release|Any CPU = Release|Any CPU
	EndGlobalSection
	GlobalSection(ProjectConfigurationPlatforms) = postSolution
		{3AD7DA74-9395-44F2-95D4-334BE1656F49}.Debug|Any CPU.ActiveCfg = Debug|Any CPU
		{3AD7DA74-9395-44F2-95D4-334BE1656F49}.Debug|Any CPU.Build.0 = Debug|Any CPU
		{3AD7DA74-9395-44F2-95D4-334BE1656F49}.Release|Any CPU.ActiveCfg = Release|Any CPU
		{3AD7DA74-9395-44F2-95D4-334BE1656F49}.Release|Any CPU.Build.0 = Release|Any CPU
	EndGlobalSection
	GlobalSection(SolutionProperties) = preSolution
		HideSolutionNode = FALSE
	EndGlobalSection
	GlobalSection(ExtensibilityGlobals) = postSolution
		SolutionGuid = {0A18F12C-A1E9-48D2-AAAE-43EA1F67D023}
	EndGlobalSection
EndGlobal
