
Microsoft Visual Studio Solution File, Format Version 12.00
# Visual Studio Version 17
VisualStudioVersion = 17.14.35806.103 d17.14
MinimumVisualStudioVersion = 10.0.40219.1
Project("{FAE04EC0-301F-11D3-BF4B-00C04F79EFBC}") = "PlayableInheritance", "PlayableInheritance.csproj", "{DC0D1550-109E-4EDD-AE40-709CBA96FDE0}"
EndProject
Global
	GlobalSection(SolutionConfigurationPlatforms) = preSolution
		Debug|Any CPU = Debug|Any CPU
		Release|Any CPU = Release|Any CPU
	EndGlobalSection
	GlobalSection(ProjectConfigurationPlatforms) = postSolution
		{DC0D1550-109E-4EDD-AE40-709CBA96FDE0}.Debug|Any CPU.ActiveCfg = Debug|Any CPU
		{DC0D1550-109E-4EDD-AE40-709CBA96FDE0}.Debug|Any CPU.Build.0 = Debug|Any CPU
		{DC0D1550-109E-4EDD-AE40-709CBA96FDE0}.Release|Any CPU.ActiveCfg = Release|Any CPU
		{DC0D1550-109E-4EDD-AE40-709CBA96FDE0}.Release|Any CPU.Build.0 = Release|Any CPU
	EndGlobalSection
	GlobalSection(SolutionProperties) = preSolution
		HideSolutionNode = FALSE
	EndGlobalSection
	GlobalSection(ExtensibilityGlobals) = postSolution
		SolutionGuid = {A7718AAA-E99C-4E29-8F8D-8B50765395D0}
	EndGlobalSection
EndGlobal
