
Microsoft Visual Studio Solution File, Format Version 12.00
# Visual Studio Version 17
VisualStudioVersion = 17.14.35806.103 d17.14
MinimumVisualStudioVersion = 10.0.40219.1
Project("{FAE04EC0-301F-11D3-BF4B-00C04F79EFBC}") = "ShapeAbstraction", "ShapeAbstraction.csproj", "{EB12EF68-C650-4EC7-BD6F-4149F752E6BC}"
EndProject
Global
	GlobalSection(SolutionConfigurationPlatforms) = preSolution
		Debug|Any CPU = Debug|Any CPU
		Release|Any CPU = Release|Any CPU
	EndGlobalSection
	GlobalSection(ProjectConfigurationPlatforms) = postSolution
		{EB12EF68-C650-4EC7-BD6F-4149F752E6BC}.Debug|Any CPU.ActiveCfg = Debug|Any CPU
		{EB12EF68-C650-4EC7-BD6F-4149F752E6BC}.Debug|Any CPU.Build.0 = Debug|Any CPU
		{EB12EF68-C650-4EC7-BD6F-4149F752E6BC}.Release|Any CPU.ActiveCfg = Release|Any CPU
		{EB12EF68-C650-4EC7-BD6F-4149F752E6BC}.Release|Any CPU.Build.0 = Release|Any CPU
	EndGlobalSection
	GlobalSection(SolutionProperties) = preSolution
		HideSolutionNode = FALSE
	EndGlobalSection
	GlobalSection(ExtensibilityGlobals) = postSolution
		SolutionGuid = {EC44CB7A-1FDD-4A6F-B398-166DF0C1E03F}
	EndGlobalSection
EndGlobal
