
Microsoft Visual Studio Solution File, Format Version 12.00
# Visual Studio Version 17
VisualStudioVersion = 17.14.35806.103 d17.14
MinimumVisualStudioVersion = 10.0.40219.1
Project("{FAE04EC0-301F-11D3-BF4B-00C04F79EFBC}") = "SingletonConfig", "SingletonConfig.csproj", "{2FD41F9F-5A33-432B-A58A-B761CA798424}"
EndProject
Global
	GlobalSection(SolutionConfigurationPlatforms) = preSolution
		Debug|Any CPU = Debug|Any CPU
		Release|Any CPU = Release|Any CPU
	EndGlobalSection
	GlobalSection(ProjectConfigurationPlatforms) = postSolution
		{2FD41F9F-5A33-432B-A58A-B761CA798424}.Debug|Any CPU.ActiveCfg = Debug|Any CPU
		{2FD41F9F-5A33-432B-A58A-B761CA798424}.Debug|Any CPU.Build.0 = Debug|Any CPU
		{2FD41F9F-5A33-432B-A58A-B761CA798424}.Release|Any CPU.ActiveCfg = Release|Any CPU
		{2FD41F9F-5A33-432B-A58A-B761CA798424}.Release|Any CPU.Build.0 = Release|Any CPU
	EndGlobalSection
	GlobalSection(SolutionProperties) = preSolution
		HideSolutionNode = FALSE
	EndGlobalSection
	GlobalSection(ExtensibilityGlobals) = postSolution
		SolutionGuid = {E07A1AF2-3904-43FC-A88D-8EF3261A98F7}
	EndGlobalSection
EndGlobal
